
Microsoft Visual Studio Solution File, Format Version 12.00
# Visual Studio Version 16
VisualStudioVersion = 16.0.29613.14
MinimumVisualStudioVersion = 10.0.40219.1
Project("{9A19103F-16F7-4668-BE54-9A1E7A4F7556}") = "CarPoolApplication.Models", "Models\CarPoolApplication.Models.csproj", "{CF192D90-D0DF-45DB-BA59-4513FE8953A9}"
EndProject
Project("{9A19103F-16F7-4668-BE54-9A1E7A4F7556}") = "CarPoolApplication.Services", "CarPoolApplication.Services\CarPoolApplication.Services.csproj", "{1BFD999C-62EA-43DF-BBD2-9A5277A9A935}"
EndProject
Project("{9A19103F-16F7-4668-BE54-9A1E7A4F7556}") = "CarPoolApplication.DataBase", "CarPoolDataBase\CarPoolApplication.DataBase.csproj", "{4D6FC749-6313-43F4-9D60-979D536103BE}"
EndProject
Project("{9A19103F-16F7-4668-BE54-9A1E7A4F7556}") = "CarPoolApplication.API", "CarPoolWebAPI\CarPoolApplication.API.csproj", "{8F503354-DFBA-43DA-8A3C-D364C5F1E68C}"
EndProject
Global
	GlobalSection(SolutionConfigurationPlatforms) = preSolution
		Debug|Any CPU = Debug|Any CPU
		Release|Any CPU = Release|Any CPU
	EndGlobalSection
	GlobalSection(ProjectConfigurationPlatforms) = postSolution
		{CF192D90-D0DF-45DB-BA59-4513FE8953A9}.Debug|Any CPU.ActiveCfg = Debug|Any CPU
		{CF192D90-D0DF-45DB-BA59-4513FE8953A9}.Debug|Any CPU.Build.0 = Debug|Any CPU
		{CF192D90-D0DF-45DB-BA59-4513FE8953A9}.Release|Any CPU.ActiveCfg = Release|Any CPU
		{CF192D90-D0DF-45DB-BA59-4513FE8953A9}.Release|Any CPU.Build.0 = Release|Any CPU
		{1BFD999C-62EA-43DF-BBD2-9A5277A9A935}.Debug|Any CPU.ActiveCfg = Debug|Any CPU
		{1BFD999C-62EA-43DF-BBD2-9A5277A9A935}.Debug|Any CPU.Build.0 = Debug|Any CPU
		{1BFD999C-62EA-43DF-BBD2-9A5277A9A935}.Release|Any CPU.ActiveCfg = Release|Any CPU
		{1BFD999C-62EA-43DF-BBD2-9A5277A9A935}.Release|Any CPU.Build.0 = Release|Any CPU
		{4D6FC749-6313-43F4-9D60-979D536103BE}.Debug|Any CPU.ActiveCfg = Debug|Any CPU
		{4D6FC749-6313-43F4-9D60-979D536103BE}.Debug|Any CPU.Build.0 = Debug|Any CPU
		{4D6FC749-6313-43F4-9D60-979D536103BE}.Release|Any CPU.ActiveCfg = Release|Any CPU
		{4D6FC749-6313-43F4-9D60-979D536103BE}.Release|Any CPU.Build.0 = Release|Any CPU
		{8F503354-DFBA-43DA-8A3C-D364C5F1E68C}.Debug|Any CPU.ActiveCfg = Debug|Any CPU
		{8F503354-DFBA-43DA-8A3C-D364C5F1E68C}.Debug|Any CPU.Build.0 = Debug|Any CPU
		{8F503354-DFBA-43DA-8A3C-D364C5F1E68C}.Release|Any CPU.ActiveCfg = Release|Any CPU
		{8F503354-DFBA-43DA-8A3C-D364C5F1E68C}.Release|Any CPU.Build.0 = Release|Any CPU
	EndGlobalSection
	GlobalSection(SolutionProperties) = preSolution
		HideSolutionNode = FALSE
	EndGlobalSection
	GlobalSection(ExtensibilityGlobals) = postSolution
		SolutionGuid = {41AC190F-DD5E-4BE3-9C12-4A672CDEE070}
	EndGlobalSection
EndGlobal
